{
  "version": 4,
  "terraform_version": "1.8.5",
  "serial": 590,
  "lineage": "fe00d9f2-80ed-b815-09cc-9e544225bba8",
  "outputs": {
    "provisioner_output": {
      "value": "10.244.0.4",
      "type": "string"
    }
  },
  "resources": [
    {
      "mode": "data",
      "type": "local_file",
      "name": "provisioner_output",
      "provider": "provider[\"registry.terraform.io/hashicorp/local\"]",
      "instances": [
        {
          "schema_version": 0,
          "attributes": {
            "content": "10.244.0.4",
            "content_base64": "MTAuMjQ0LjAuNA==",
            "content_base64sha256": "ByEkgdWzBfWZsRjEcMUEeGmPqUp5mywNZDiALcRnYgA=",
            "content_base64sha512": "qu0KRLSSMiTEMt9h9Nx9fbbaGeu6JNIV8qKIX0dhBAQyjpSNX4rvEGQ3Gg8C0ZKGDYauv5v+tK+QLt/xiC2/Kw==",
            "content_md5": "c9d18d7012982e22e8c347af19e390f3",
            "content_sha1": "3be10c40159656abc1b9525fd7e8ff105377193c",
            "content_sha256": "07212481d5b305f599b118c470c50478698fa94a799b2c0d6438802dc4676200",
            "content_sha512": "aaed0a44b4923224c432df61f4dc7d7db6da19ebba24d215f2a2885f47610404328e948d5f8aef1064371a0f02d192860d86aebf9bfeb4af902edff1882dbf2b",
            "filename": "./nfs_ip.txt",
            "id": "3be10c40159656abc1b9525fd7e8ff105377193c"
          },
          "sensitive_attributes": []
        }
      ]
    },
    {
      "mode": "managed",
      "type": "kubernetes_config_map",
      "name": "pipeline-config",
      "provider": "provider[\"registry.terraform.io/hashicorp/kubernetes\"]",
      "instances": [
        {
          "schema_version": 0,
          "attributes": {
            "binary_data": {},
            "data": {
              "AWS_BUCKET": "dagster-api",
              "AWS_ENDPOINT": "http://host.minikube.internal:9000",
              "AWS_REGION": "eu-west-1",
              "AWS_S3_ALLOW_UNSAFE_RENAME": "true",
              "DAGSTER_HOME": "/home",
              "EXECUTOR": "k8s",
              "S3_URI": "s3://dagster-api"
            },
            "id": "dagster/pipeline-config",
            "immutable": false,
            "metadata": [
              {
                "annotations": {},
                "generate_name": "",
                "generation": 0,
                "labels": {},
                "name": "pipeline-config",
                "namespace": "dagster",
                "resource_version": "2893",
                "uid": "45e87a41-e10a-4692-ae3f-3113e2d3060d"
              }
            ]
          },
          "sensitive_attributes": [],
          "private": "bnVsbA==",
          "dependencies": [
            "kubernetes_namespace.pipeline-namespace"
          ]
        }
      ]
    },
    {
      "mode": "managed",
      "type": "kubernetes_namespace",
      "name": "pipeline-namespace",
      "provider": "provider[\"registry.terraform.io/hashicorp/kubernetes\"]",
      "instances": [
        {
          "schema_version": 0,
          "attributes": {
            "id": "dagster",
            "metadata": [
              {
                "annotations": {},
                "generate_name": "",
                "generation": 0,
                "labels": {},
                "name": "dagster",
                "resource_version": "2888",
                "uid": "c6f8dfd4-63b1-4de1-91ad-7c416d6e2c2e"
              }
            ],
            "timeouts": null,
            "wait_for_default_service_account": false
          },
          "sensitive_attributes": [],
          "private": "eyJlMmJmYjczMC1lY2FhLTExZTYtOGY4OC0zNDM2M2JjN2M0YzAiOnsiZGVsZXRlIjozMDAwMDAwMDAwMDB9fQ=="
        }
      ]
    },
    {
      "mode": "managed",
      "type": "kubernetes_persistent_volume",
      "name": "nfs-pv",
      "provider": "provider[\"registry.terraform.io/hashicorp/kubernetes\"]",
      "instances": [
        {
          "schema_version": 0,
          "attributes": {
            "id": "nfs-pv",
            "metadata": [
              {
                "annotations": {},
                "generation": 0,
                "labels": {},
                "name": "nfs-pv",
                "resource_version": "2908",
                "uid": "dade1f2b-fca7-48ce-a395-02b2f32ca02f"
              }
            ],
            "spec": [
              {
                "access_modes": [
                  "ReadWriteMany"
                ],
                "capacity": {
                  "storage": "1Gi"
                },
                "claim_ref": [],
                "mount_options": [],
                "node_affinity": [],
                "persistent_volume_reclaim_policy": "Retain",
                "persistent_volume_source": [
                  {
                    "aws_elastic_block_store": [],
                    "azure_disk": [],
                    "azure_file": [],
                    "ceph_fs": [],
                    "cinder": [],
                    "csi": [],
                    "fc": [],
                    "flex_volume": [],
                    "flocker": [],
                    "gce_persistent_disk": [],
                    "glusterfs": [],
                    "host_path": [],
                    "iscsi": [],
                    "local": [],
                    "nfs": [
                      {
                        "path": "/data",
                        "read_only": false,
                        "server": "10.244.0.4"
                      }
                    ],
                    "photon_persistent_disk": [],
                    "quobyte": [],
                    "rbd": [],
                    "vsphere_volume": []
                  }
                ],
                "storage_class_name": "",
                "volume_mode": "Filesystem"
              }
            ],
            "timeouts": null
          },
          "sensitive_attributes": [],
          "private": "eyJlMmJmYjczMC1lY2FhLTExZTYtOGY4OC0zNDM2M2JjN2M0YzAiOnsiY3JlYXRlIjozMDAwMDAwMDAwMDB9fQ==",
          "dependencies": [
            "data.local_file.provisioner_output",
            "kubernetes_pod.nfs-server",
            "terraform_data.nfs-ip"
          ]
        }
      ]
    },
    {
      "mode": "managed",
      "type": "kubernetes_persistent_volume_claim",
      "name": "nfs-pvc",
      "provider": "provider[\"registry.terraform.io/hashicorp/kubernetes\"]",
      "instances": [
        {
          "schema_version": 0,
          "attributes": {
            "id": "dagster/nfs-pvc",
            "metadata": [
              {
                "annotations": {},
                "generate_name": "",
                "generation": 0,
                "labels": {},
                "name": "nfs-pvc",
                "namespace": "dagster",
                "resource_version": "2918",
                "uid": "e21553d9-462c-4d5f-b91b-9aafcb600fcc"
              }
            ],
            "spec": [
              {
                "access_modes": [
                  "ReadWriteMany"
                ],
                "resources": [
                  {
                    "limits": {},
                    "requests": {
                      "storage": "1Gi"
                    }
                  }
                ],
                "selector": [],
                "storage_class_name": "standard",
                "volume_mode": "Filesystem",
                "volume_name": "pvc-e21553d9-462c-4d5f-b91b-9aafcb600fcc"
              }
            ],
            "timeouts": null,
            "wait_until_bound": true
          },
          "sensitive_attributes": [],
          "private": "eyJlMmJmYjczMC1lY2FhLTExZTYtOGY4OC0zNDM2M2JjN2M0YzAiOnsiY3JlYXRlIjozMDAwMDAwMDAwMDB9fQ==",
          "dependencies": [
            "data.local_file.provisioner_output",
            "kubernetes_persistent_volume.nfs-pv",
            "kubernetes_pod.nfs-server",
            "terraform_data.nfs-ip"
          ]
        }
      ]
    },
    {
      "mode": "managed",
      "type": "kubernetes_pod",
      "name": "nfs-server",
      "provider": "provider[\"registry.terraform.io/hashicorp/kubernetes\"]",
      "instances": [
        {
          "schema_version": 1,
          "attributes": {
            "id": "dagster/nfs-server",
            "metadata": [
              {
                "annotations": {},
                "generate_name": "",
                "generation": 0,
                "labels": {
                  "role": "nfs-server"
                },
                "name": "nfs-server",
                "namespace": "dagster",
                "resource_version": "2906",
                "uid": "cc4baf55-eb06-42c4-9bdc-360c32aa1c44"
              }
            ],
            "spec": [
              {
                "active_deadline_seconds": 0,
                "affinity": [],
                "automount_service_account_token": true,
                "container": [
                  {
                    "args": [],
                    "command": [],
                    "env": [
                      {
                        "name": "SHARED_DIRECTORY",
                        "value": "data",
                        "value_from": []
                      }
                    ],
                    "env_from": [],
                    "image": "itsthenetwork/nfs-server-alpine:latest",
                    "image_pull_policy": "Always",
                    "lifecycle": [],
                    "liveness_probe": [],
                    "name": "nfs-server",
                    "port": [
                      {
                        "container_port": 2049,
                        "host_ip": "",
                        "host_port": 0,
                        "name": "nfs",
                        "protocol": "TCP"
                      }
                    ],
                    "readiness_probe": [],
                    "resources": [
                      {
                        "limits": {},
                        "requests": {}
                      }
                    ],
                    "security_context": [
                      {
                        "allow_privilege_escalation": true,
                        "capabilities": [],
                        "privileged": true,
                        "read_only_root_filesystem": false,
                        "run_as_group": "",
                        "run_as_non_root": false,
                        "run_as_user": "",
                        "se_linux_options": [],
                        "seccomp_profile": []
                      }
                    ],
                    "startup_probe": [],
                    "stdin": false,
                    "stdin_once": false,
                    "termination_message_path": "/dev/termination-log",
                    "termination_message_policy": "File",
                    "tty": false,
                    "volume_mount": [
                      {
                        "mount_path": "/data",
                        "mount_propagation": "None",
                        "name": "nfs-data",
                        "read_only": false,
                        "sub_path": ""
                      }
                    ],
                    "working_dir": ""
                  }
                ],
                "dns_config": [],
                "dns_policy": "ClusterFirst",
                "enable_service_links": true,
                "host_aliases": [],
                "host_ipc": false,
                "host_network": false,
                "host_pid": false,
                "hostname": "",
                "image_pull_secrets": [],
                "init_container": [],
                "node_name": "minikube",
                "node_selector": {},
                "os": [],
                "priority_class_name": "",
                "readiness_gate": [],
                "restart_policy": "Always",
                "runtime_class_name": "",
                "scheduler_name": "default-scheduler",
                "security_context": [],
                "service_account_name": "default",
                "share_process_namespace": false,
                "subdomain": "",
                "termination_grace_period_seconds": 30,
                "toleration": [],
                "topology_spread_constraint": [],
                "volume": [
                  {
                    "aws_elastic_block_store": [],
                    "azure_disk": [],
                    "azure_file": [],
                    "ceph_fs": [],
                    "cinder": [],
                    "config_map": [],
                    "csi": [],
                    "downward_api": [],
                    "empty_dir": [
                      {
                        "medium": "",
                        "size_limit": ""
                      }
                    ],
                    "ephemeral": [],
                    "fc": [],
                    "flex_volume": [],
                    "flocker": [],
                    "gce_persistent_disk": [],
                    "git_repo": [],
                    "glusterfs": [],
                    "host_path": [],
                    "iscsi": [],
                    "local": [],
                    "name": "nfs-data",
                    "nfs": [],
                    "persistent_volume_claim": [],
                    "photon_persistent_disk": [],
                    "projected": [],
                    "quobyte": [],
                    "rbd": [],
                    "secret": [],
                    "vsphere_volume": []
                  }
                ]
              }
            ],
            "target_state": null,
            "timeouts": null
          },
          "sensitive_attributes": [],
          "private": "eyJlMmJmYjczMC1lY2FhLTExZTYtOGY4OC0zNDM2M2JjN2M0YzAiOnsiY3JlYXRlIjozMDAwMDAwMDAwMDAsImRlbGV0ZSI6MzAwMDAwMDAwMDAwfSwic2NoZW1hX3ZlcnNpb24iOiIxIn0="
        }
      ]
    },
    {
      "mode": "managed",
      "type": "kubernetes_secret",
      "name": "pipeline-secrets",
      "provider": "provider[\"registry.terraform.io/hashicorp/kubernetes\"]",
      "instances": [
        {
          "schema_version": 0,
          "attributes": {
            "binary_data": null,
            "data": {
              "AWS_ACCESS_KEY_ID": "minioadmin",
              "AWS_SECRET_ACCESS_KEY": "minioadmin",
              "FINNHUBAPIKEY": "cnca179r01qkavtmc420cnca179r01qkavtmc42g"
            },
            "id": "dagster/pipeline-secrets",
            "immutable": false,
            "metadata": [
              {
                "annotations": {},
                "generate_name": "",
                "generation": 0,
                "labels": {},
                "name": "pipeline-secrets",
                "namespace": "dagster",
                "resource_version": "2894",
                "uid": "db884f32-08a0-47ba-be5f-476701b4029b"
              }
            ],
            "timeouts": null,
            "type": "opaque",
            "wait_for_service_account_token": true
          },
          "sensitive_attributes": [
            [
              {
                "type": "get_attr",
                "value": "binary_data"
              }
            ],
            [
              {
                "type": "get_attr",
                "value": "data"
              }
            ],
            [
              {
                "type": "get_attr",
                "value": "data"
              },
              {
                "type": "index",
                "value": {
                  "value": "AWS_ACCESS_KEY_ID",
                  "type": "string"
                }
              }
            ],
            [
              {
                "type": "get_attr",
                "value": "data"
              },
              {
                "type": "index",
                "value": {
                  "value": "AWS_SECRET_ACCESS_KEY",
                  "type": "string"
                }
              }
            ],
            [
              {
                "type": "get_attr",
                "value": "data"
              },
              {
                "type": "index",
                "value": {
                  "value": "FINNHUBAPIKEY",
                  "type": "string"
                }
              }
            ]
          ],
          "private": "eyJlMmJmYjczMC1lY2FhLTExZTYtOGY4OC0zNDM2M2JjN2M0YzAiOnsiY3JlYXRlIjo2MDAwMDAwMDAwMH19",
          "dependencies": [
            "kubernetes_namespace.pipeline-namespace"
          ]
        }
      ]
    },
    {
      "mode": "managed",
      "type": "terraform_data",
      "name": "nfs-ip",
      "provider": "provider[\"terraform.io/builtin/terraform\"]",
      "instances": [
        {
          "schema_version": 0,
          "attributes": {
            "id": "3039c8e3-ea3a-a1be-af74-a4e2b39b6b61",
            "input": null,
            "output": null,
            "triggers_replace": null
          },
          "sensitive_attributes": [],
          "dependencies": [
            "kubernetes_pod.nfs-server"
          ]
        }
      ]
    }
  ],
  "check_results": null
}
