{
  "version": 4,
  "terraform_version": "1.8.5",
  "serial": 658,
  "lineage": "fe00d9f2-80ed-b815-09cc-9e544225bba8",
  "outputs": {
    "provisioner_output": {
      "value": "10.244.0.24",
      "type": "string"
    }
  },
  "resources": [
    {
      "mode": "data",
      "type": "local_file",
      "name": "provisioner_output",
      "provider": "provider[\"registry.terraform.io/hashicorp/local\"]",
      "instances": [
        {
          "schema_version": 0,
          "attributes": {
            "content": "10.244.0.24",
            "content_base64": "MTAuMjQ0LjAuMjQ=",
            "content_base64sha256": "pIramZrNcyQmj3fR0JOINnWTXpXNOxvSW1KxCdpw0fI=",
            "content_base64sha512": "/lbIqQ5on9+M+JJthMdrXp2CtPTeCuscx6ya/gqJPcbDvOjf3qszDBLU2FPbedQA3XICgqv3WDTounK0hex1kw==",
            "content_md5": "02c708d6ae246e15bbd6064eb59c9183",
            "content_sha1": "35ada1bd69e7bcfa5365ee5a4287b64dd667f3d8",
            "content_sha256": "a48ada999acd7324268f77d1d093883675935e95cd3b1bd25b52b109da70d1f2",
            "content_sha512": "fe56c8a90e689fdf8cf8926d84c76b5e9d82b4f4de0aeb1cc7ac9afe0a893dc6c3bce8dfdeab330c12d4d853db79d400dd720282abf75834e8ba72b485ec7593",
            "filename": "./nfs_ip.txt",
            "id": "35ada1bd69e7bcfa5365ee5a4287b64dd667f3d8"
          },
          "sensitive_attributes": []
        }
      ]
    },
    {
      "mode": "managed",
      "type": "helm_release",
      "name": "dagster-on-k8s",
      "provider": "provider[\"registry.terraform.io/hashicorp/helm\"]",
      "instances": [
        {
          "schema_version": 1,
          "attributes": {
            "atomic": false,
            "chart": "dagster",
            "cleanup_on_fail": false,
            "create_namespace": false,
            "dependency_update": false,
            "description": null,
            "devel": null,
            "disable_crd_hooks": false,
            "disable_openapi_validation": false,
            "disable_webhooks": false,
            "force_update": false,
            "id": "dagster-on-k8s",
            "keyring": null,
            "lint": false,
            "manifest": null,
            "max_history": 0,
            "metadata": [
              {
                "app_version": "1.7.8",
                "chart": "dagster",
                "name": "dagster-on-k8s",
                "namespace": "dagster",
                "revision": 1,
                "values": "{\"dagster-user-deployments\":{\"deployments\":[{\"dagsterApiGrpcArgs\":[\"--module-name\",\"finnhub_batch_stock_pipeline\"],\"envConfigMaps\":[{\"name\":\"pipeline-config\"}],\"envSecrets\":[{\"name\":\"pipeline-secrets\"}],\"image\":{\"pullPolicy\":\"Never\",\"repository\":\"docker.io/library/fnhb-btch-stck-ppln\",\"tag\":\"v1.0.0\"},\"includeConfigInLaunchedRuns\":{\"enabled\":true},\"name\":\"k8s-deployment\",\"port\":3030,\"resources\":{\"limits\":{\"cpu\":\"1000m\",\"memory\":\"5120Mi\"},\"requests\":{\"cpu\":\"200m\",\"memory\":\"1024Mi\"}},\"volumeMounts\":[{\"mountPath\":\"/opt/dagster/dagster_home\",\"name\":\"nfs-mount\"}],\"volumes\":[{\"name\":\"nfs-mount\",\"persistentVolumeClaim\":{\"claimName\":\"nfs-pvc\"}}]}],\"enabled\":true},\"runLauncher\":{\"config\":{\"k8sRunLauncher\":{\"envSecrets\":[{\"name\":\"pipeline-secrets\"}],\"runK8sConfig\":{\"containerConfig\":{\"resources\":{\"limits\":{\"cpu\":\"1000m\",\"memory\":\"5120Mi\"},\"requests\":{\"cpu\":\"200m\",\"memory\":\"1024Mi\"}}}}}},\"type\":\"K8sRunLauncher\"}}",
                "version": "1.7.8"
              }
            ],
            "name": "dagster-on-k8s",
            "namespace": "dagster",
            "pass_credentials": false,
            "postrender": [],
            "recreate_pods": false,
            "render_subchart_notes": true,
            "replace": false,
            "repository": "https://dagster-io.github.io/helm",
            "repository_ca_file": null,
            "repository_cert_file": null,
            "repository_key_file": null,
            "repository_password": null,
            "repository_username": null,
            "reset_values": false,
            "reuse_values": false,
            "set": [],
            "set_list": [],
            "set_sensitive": [],
            "skip_crds": false,
            "status": "deployed",
            "timeout": 300,
            "values": [
              "dagster-user-deployments:\n  enabled: true\n  deployments:\n    - name: \"k8s-deployment\"\n      image:\n        repository: \"docker.io/library/fnhb-btch-stck-ppln\"\n        tag: v1.0.0\n        pullPolicy: Never\n      dagsterApiGrpcArgs:\n        - \"--module-name\"\n        - \"finnhub_batch_stock_pipeline\"\n      port: 3030\n      envConfigMaps:\n        - name: pipeline-config\n      envSecrets:\n        - name: pipeline-secrets\n      volumes:\n        - name: nfs-mount\n          persistentVolumeClaim:\n            claimName: nfs-pvc\n      volumeMounts:\n        - name: nfs-mount\n          mountPath: /opt/dagster/dagster_home\n      resources:\n        limits:\n          cpu: 1000m\n          memory: 5120Mi\n        requests:\n          cpu: 200m\n          memory: 1024Mi  \n      includeConfigInLaunchedRuns:\n        enabled: true\n\nrunLauncher:\n  type: K8sRunLauncher\n  config:\n    k8sRunLauncher:\n      runK8sConfig:\n        containerConfig: # raw config for the pod's main container\n          resources:\n            limits:\n              cpu: 1000m\n              memory: 5120Mi\n            requests:\n              cpu: 200m\n              memory: 1024Mi\n      envSecrets:\n        - name: pipeline-secrets\n\n\n"
            ],
            "verify": false,
            "version": "1.7.8",
            "wait": true,
            "wait_for_jobs": false
          },
          "sensitive_attributes": [
            [
              {
                "type": "get_attr",
                "value": "repository_password"
              }
            ]
          ],
          "private": "eyJzY2hlbWFfdmVyc2lvbiI6IjEifQ==",
          "dependencies": [
            "data.local_file.provisioner_output",
            "kubernetes_persistent_volume.nfs-pv",
            "kubernetes_persistent_volume_claim.nfs-pvc",
            "kubernetes_pod.nfs-server",
            "terraform_data.nfs-ip"
          ]
        }
      ]
    },
    {
      "mode": "managed",
      "type": "kubernetes_config_map",
      "name": "pipeline-config",
      "provider": "provider[\"registry.terraform.io/hashicorp/kubernetes\"]",
      "instances": [
        {
          "schema_version": 0,
          "attributes": {
            "binary_data": null,
            "data": {
              "AWS_BUCKET": "dagster-api",
              "AWS_ENDPOINT": "http://host.minikube.internal:9000",
              "AWS_REGION": "eu-west-1",
              "AWS_S3_ALLOW_UNSAFE_RENAME": "true",
              "DAGSTER_HOME": "/home",
              "EXECUTOR": "multiprocess",
              "S3_URI": "s3://dagster-api"
            },
            "id": "dagster/pipeline-config",
            "immutable": false,
            "metadata": [
              {
                "annotations": null,
                "generate_name": "",
                "generation": 0,
                "labels": null,
                "name": "pipeline-config",
                "namespace": "dagster",
                "resource_version": "14331",
                "uid": "a45b5edf-0a1f-4e66-907f-b01c1503cc9d"
              }
            ]
          },
          "sensitive_attributes": [],
          "private": "bnVsbA==",
          "dependencies": [
            "kubernetes_namespace.pipeline-namespace"
          ]
        }
      ]
    },
    {
      "mode": "managed",
      "type": "kubernetes_namespace",
      "name": "pipeline-namespace",
      "provider": "provider[\"registry.terraform.io/hashicorp/kubernetes\"]",
      "instances": [
        {
          "schema_version": 0,
          "attributes": {
            "id": "dagster",
            "metadata": [
              {
                "annotations": null,
                "generate_name": "",
                "generation": 0,
                "labels": null,
                "name": "dagster",
                "resource_version": "14327",
                "uid": "1bfa6391-289a-47b8-9361-5671865b5c6b"
              }
            ],
            "timeouts": null,
            "wait_for_default_service_account": false
          },
          "sensitive_attributes": [],
          "private": "eyJlMmJmYjczMC1lY2FhLTExZTYtOGY4OC0zNDM2M2JjN2M0YzAiOnsiZGVsZXRlIjozMDAwMDAwMDAwMDB9fQ=="
        }
      ]
    },
    {
      "mode": "managed",
      "type": "kubernetes_persistent_volume",
      "name": "nfs-pv",
      "provider": "provider[\"registry.terraform.io/hashicorp/kubernetes\"]",
      "instances": [
        {
          "schema_version": 0,
          "attributes": {
            "id": "nfs-pv",
            "metadata": [
              {
                "annotations": null,
                "generation": 0,
                "labels": null,
                "name": "nfs-pv",
                "resource_version": "14347",
                "uid": "f17332d0-08d1-4a16-8e04-4cddb1b5d346"
              }
            ],
            "spec": [
              {
                "access_modes": [
                  "ReadWriteMany"
                ],
                "capacity": {
                  "storage": "1Gi"
                },
                "claim_ref": [],
                "mount_options": null,
                "node_affinity": [],
                "persistent_volume_reclaim_policy": "Retain",
                "persistent_volume_source": [
                  {
                    "aws_elastic_block_store": [],
                    "azure_disk": [],
                    "azure_file": [],
                    "ceph_fs": [],
                    "cinder": [],
                    "csi": [],
                    "fc": [],
                    "flex_volume": [],
                    "flocker": [],
                    "gce_persistent_disk": [],
                    "glusterfs": [],
                    "host_path": [],
                    "iscsi": [],
                    "local": [],
                    "nfs": [
                      {
                        "path": "/data",
                        "read_only": false,
                        "server": "10.244.0.24"
                      }
                    ],
                    "photon_persistent_disk": [],
                    "quobyte": [],
                    "rbd": [],
                    "vsphere_volume": []
                  }
                ],
                "storage_class_name": "",
                "volume_mode": "Filesystem"
              }
            ],
            "timeouts": null
          },
          "sensitive_attributes": [],
          "private": "eyJlMmJmYjczMC1lY2FhLTExZTYtOGY4OC0zNDM2M2JjN2M0YzAiOnsiY3JlYXRlIjozMDAwMDAwMDAwMDB9fQ==",
          "dependencies": [
            "data.local_file.provisioner_output",
            "kubernetes_pod.nfs-server",
            "terraform_data.nfs-ip"
          ]
        }
      ]
    },
    {
      "mode": "managed",
      "type": "kubernetes_persistent_volume_claim",
      "name": "nfs-pvc",
      "provider": "provider[\"registry.terraform.io/hashicorp/kubernetes\"]",
      "instances": [
        {
          "schema_version": 0,
          "attributes": {
            "id": "dagster/nfs-pvc",
            "metadata": [
              {
                "annotations": null,
                "generate_name": "",
                "generation": 0,
                "labels": null,
                "name": "nfs-pvc",
                "namespace": "dagster",
                "resource_version": "14357",
                "uid": "1cd8585f-c958-4933-a155-951efbd8783d"
              }
            ],
            "spec": [
              {
                "access_modes": [
                  "ReadWriteMany"
                ],
                "resources": [
                  {
                    "limits": null,
                    "requests": {
                      "storage": "1Gi"
                    }
                  }
                ],
                "selector": [],
                "storage_class_name": "standard",
                "volume_mode": "Filesystem",
                "volume_name": "pvc-1cd8585f-c958-4933-a155-951efbd8783d"
              }
            ],
            "timeouts": null,
            "wait_until_bound": true
          },
          "sensitive_attributes": [],
          "private": "eyJlMmJmYjczMC1lY2FhLTExZTYtOGY4OC0zNDM2M2JjN2M0YzAiOnsiY3JlYXRlIjozMDAwMDAwMDAwMDB9fQ==",
          "dependencies": [
            "data.local_file.provisioner_output",
            "kubernetes_persistent_volume.nfs-pv",
            "kubernetes_pod.nfs-server",
            "terraform_data.nfs-ip"
          ]
        }
      ]
    },
    {
      "mode": "managed",
      "type": "kubernetes_pod",
      "name": "nfs-server",
      "provider": "provider[\"registry.terraform.io/hashicorp/kubernetes\"]",
      "instances": [
        {
          "schema_version": 1,
          "attributes": {
            "id": "dagster/nfs-server",
            "metadata": [
              {
                "annotations": null,
                "generate_name": "",
                "generation": 0,
                "labels": {
                  "role": "nfs-server"
                },
                "name": "nfs-server",
                "namespace": "dagster",
                "resource_version": "14343",
                "uid": "319a0794-1c38-4692-a19c-992039731d14"
              }
            ],
            "spec": [
              {
                "active_deadline_seconds": 0,
                "affinity": [],
                "automount_service_account_token": true,
                "container": [
                  {
                    "args": null,
                    "command": null,
                    "env": [
                      {
                        "name": "SHARED_DIRECTORY",
                        "value": "data",
                        "value_from": []
                      }
                    ],
                    "env_from": [],
                    "image": "itsthenetwork/nfs-server-alpine:latest",
                    "image_pull_policy": "Always",
                    "lifecycle": [],
                    "liveness_probe": [],
                    "name": "nfs-server",
                    "port": [
                      {
                        "container_port": 2049,
                        "host_ip": "",
                        "host_port": 0,
                        "name": "nfs",
                        "protocol": "TCP"
                      }
                    ],
                    "readiness_probe": [],
                    "resources": [
                      {
                        "limits": {},
                        "requests": {}
                      }
                    ],
                    "security_context": [
                      {
                        "allow_privilege_escalation": true,
                        "capabilities": [],
                        "privileged": true,
                        "read_only_root_filesystem": false,
                        "run_as_group": "",
                        "run_as_non_root": false,
                        "run_as_user": "",
                        "se_linux_options": [],
                        "seccomp_profile": []
                      }
                    ],
                    "startup_probe": [],
                    "stdin": false,
                    "stdin_once": false,
                    "termination_message_path": "/dev/termination-log",
                    "termination_message_policy": "File",
                    "tty": false,
                    "volume_mount": [
                      {
                        "mount_path": "/data",
                        "mount_propagation": "None",
                        "name": "nfs-data",
                        "read_only": false,
                        "sub_path": ""
                      }
                    ],
                    "working_dir": ""
                  }
                ],
                "dns_config": [],
                "dns_policy": "ClusterFirst",
                "enable_service_links": true,
                "host_aliases": [],
                "host_ipc": false,
                "host_network": false,
                "host_pid": false,
                "hostname": "",
                "image_pull_secrets": [],
                "init_container": [],
                "node_name": "minikube",
                "node_selector": null,
                "os": [],
                "priority_class_name": "",
                "readiness_gate": [],
                "restart_policy": "Always",
                "runtime_class_name": "",
                "scheduler_name": "default-scheduler",
                "security_context": [],
                "service_account_name": "default",
                "share_process_namespace": false,
                "subdomain": "",
                "termination_grace_period_seconds": 30,
                "toleration": [],
                "topology_spread_constraint": [],
                "volume": [
                  {
                    "aws_elastic_block_store": [],
                    "azure_disk": [],
                    "azure_file": [],
                    "ceph_fs": [],
                    "cinder": [],
                    "config_map": [],
                    "csi": [],
                    "downward_api": [],
                    "empty_dir": [
                      {
                        "medium": "",
                        "size_limit": ""
                      }
                    ],
                    "ephemeral": [],
                    "fc": [],
                    "flex_volume": [],
                    "flocker": [],
                    "gce_persistent_disk": [],
                    "git_repo": [],
                    "glusterfs": [],
                    "host_path": [],
                    "iscsi": [],
                    "local": [],
                    "name": "nfs-data",
                    "nfs": [],
                    "persistent_volume_claim": [],
                    "photon_persistent_disk": [],
                    "projected": [],
                    "quobyte": [],
                    "rbd": [],
                    "secret": [],
                    "vsphere_volume": []
                  }
                ]
              }
            ],
            "target_state": null,
            "timeouts": null
          },
          "sensitive_attributes": [],
          "private": "eyJlMmJmYjczMC1lY2FhLTExZTYtOGY4OC0zNDM2M2JjN2M0YzAiOnsiY3JlYXRlIjozMDAwMDAwMDAwMDAsImRlbGV0ZSI6MzAwMDAwMDAwMDAwfSwic2NoZW1hX3ZlcnNpb24iOiIxIn0="
        }
      ]
    },
    {
      "mode": "managed",
      "type": "kubernetes_secret",
      "name": "pipeline-secrets",
      "provider": "provider[\"registry.terraform.io/hashicorp/kubernetes\"]",
      "instances": [
        {
          "schema_version": 0,
          "attributes": {
            "binary_data": null,
            "data": {
              "AWS_ACCESS_KEY_ID": "minioadmin",
              "AWS_SECRET_ACCESS_KEY": "minioadmin",
              "FINNHUBAPIKEY": "cnca179r01qkavtmc420cnca179r01qkavtmc42g"
            },
            "id": "dagster/pipeline-secrets",
            "immutable": false,
            "metadata": [
              {
                "annotations": null,
                "generate_name": "",
                "generation": 0,
                "labels": null,
                "name": "pipeline-secrets",
                "namespace": "dagster",
                "resource_version": "14330",
                "uid": "d157d34a-95f5-4117-99c8-eb17e117b6f2"
              }
            ],
            "timeouts": null,
            "type": "opaque",
            "wait_for_service_account_token": true
          },
          "sensitive_attributes": [
            [
              {
                "type": "get_attr",
                "value": "data"
              }
            ],
            [
              {
                "type": "get_attr",
                "value": "data"
              },
              {
                "type": "index",
                "value": {
                  "value": "AWS_ACCESS_KEY_ID",
                  "type": "string"
                }
              }
            ],
            [
              {
                "type": "get_attr",
                "value": "data"
              },
              {
                "type": "index",
                "value": {
                  "value": "AWS_SECRET_ACCESS_KEY",
                  "type": "string"
                }
              }
            ],
            [
              {
                "type": "get_attr",
                "value": "data"
              },
              {
                "type": "index",
                "value": {
                  "value": "FINNHUBAPIKEY",
                  "type": "string"
                }
              }
            ],
            [
              {
                "type": "get_attr",
                "value": "binary_data"
              }
            ]
          ],
          "private": "eyJlMmJmYjczMC1lY2FhLTExZTYtOGY4OC0zNDM2M2JjN2M0YzAiOnsiY3JlYXRlIjo2MDAwMDAwMDAwMH19",
          "dependencies": [
            "kubernetes_namespace.pipeline-namespace"
          ]
        }
      ]
    },
    {
      "mode": "managed",
      "type": "terraform_data",
      "name": "nfs-ip",
      "provider": "provider[\"terraform.io/builtin/terraform\"]",
      "instances": [
        {
          "schema_version": 0,
          "attributes": {
            "id": "093de9fe-7e24-09f4-b542-b5d2c92a2ee6",
            "input": null,
            "output": null,
            "triggers_replace": null
          },
          "sensitive_attributes": [],
          "dependencies": [
            "kubernetes_pod.nfs-server"
          ]
        }
      ]
    }
  ],
  "check_results": null
}
